[[package]]
name = "dtcwt"
version = "0.12.0"
summary = "A port of the Dual-Tree Complex Wavelet Transform MATLAB toolbox."
dependencies = [
    "numpy",
    "six",
]

[[package]]
name = "ffmpeg-python"
version = "0.2.0"
summary = "Python bindings for FFmpeg - with complex filtering support"
dependencies = [
    "future",
]

[[package]]
name = "future"
version = "0.18.2"
requires_python = ">=2.6, !=3.0.*, !=3.1.*, !=3.2.*"
summary = "Clean single-source support for Python 3 and 2"

[[package]]
name = "numpy"
version = "1.23.3"
requires_python = ">=3.8"
summary = "NumPy is the fundamental package for array computing with Python."

[[package]]
name = "opencv-python"
version = "4.6.0.66"
requires_python = ">=3.6"
summary = "Wrapper package for OpenCV python bindings."
dependencies = [
    "numpy>=1.14.5; python_version >= \"3.7\"",
    "numpy>=1.17.3; python_version >= \"3.8\"",
    "numpy>=1.19.3; python_version >= \"3.6\" and platform_system == \"Linux\" and platform_machine == \"aarch64\"",
    "numpy>=1.19.3; python_version >= \"3.9\"",
    "numpy>=1.21.2; python_version >= \"3.10\"",
    "numpy>=1.21.2; python_version >= \"3.6\" and platform_system == \"Darwin\" and platform_machine == \"arm64\"",
]

[[package]]
name = "pywavelets"
version = "1.4.1"
requires_python = ">=3.8"
summary = "PyWavelets, wavelet transform module"
dependencies = [
    "numpy>=1.17.3",
]

[[package]]
name = "scipy"
version = "1.9.1"
requires_python = ">=3.8,<3.12"
summary = "SciPy: Scientific Library for Python"
dependencies = [
    "numpy<1.25.0,>=1.18.5",
]

[[package]]
name = "six"
version = "1.16.0"
requires_python = ">=2.7, !=3.0.*, !=3.1.*, !=3.2.*"
summary = "Python 2 and 3 compatibility utilities"

[metadata]
lock_version = "4.0"
content_hash = "sha256:ad039f1bc50d88d34e4a5e8e1698d95e9dee83b6678fd874bbd8e3d6f7e90760"

[metadata.files]
"dtcwt 0.12.0" = [
    {url = "https://files.pythonhosted.org/packages/2a/dd/cb52e5b1aebf6b59227f5acc0256426c730a81cfcac4c9ff2fd9f4a45b16/dtcwt-0.12.0.tar.gz", hash = "sha256:57213e75d882cd94c8f95aeda985f7afe40dc783fb9e094da8dfda1c581c9956"},
]
"ffmpeg-python 0.2.0" = [
    {url = "https://files.pythonhosted.org/packages/d7/0c/56be52741f75bad4dc6555991fabd2e07b432d333da82c11ad701123888a/ffmpeg_python-0.2.0-py3-none-any.whl", hash = "sha256:ac441a0404e053f8b6a1113a77c0f452f1cfc62f6344a769475ffdc0f56c23c5"},
    {url = "https://files.pythonhosted.org/packages/dd/5e/d5f9105d59c1325759d838af4e973695081fbbc97182baf73afc78dec266/ffmpeg-python-0.2.0.tar.gz", hash = "sha256:65225db34627c578ef0e11c8b1eb528bb35e024752f6f10b78c011f6f64c4127"},
]
"future 0.18.2" = [
    {url = "https://files.pythonhosted.org/packages/45/0b/38b06fd9b92dc2b68d58b75f900e97884c45bedd2ff83203d933cf5851c9/future-0.18.2.tar.gz", hash = "sha256:b1bead90b70cf6ec3f0710ae53a525360fa360d306a86583adc6bf83a4db537d"},
]
"numpy 1.23.3" = [
    {url = "https://files.pythonhosted.org/packages/07/ef/282bcb710c7e5a6f56a77529e5f8d42ad05ed44f87e65f2771937d5b84aa/numpy-1.23.3-cp39-cp39-manylinux_2_17_aarch64.manylinux2014_aarch64.whl", hash = "sha256:e5d5420053bbb3dd64c30e58f9363d7a9c27444c3648e61460c1237f9ec3fa14"},
    {url = "https://files.pythonhosted.org/packages/0a/88/f4f0c7a982efdf7bf22f283acf6009b29a9cc5835b684a49f8d3a4adb22f/numpy-1.23.3.tar.gz", hash = "sha256:51bf49c0cd1d52be0a240aa66f3458afc4b95d8993d2d04f0d91fa60c10af6cd"},
    {url = "https://files.pythonhosted.org/packages/23/a4/0c900aa23c934018f714f1c168e6f615bc70fc26a9a996b06185e6d33665/numpy-1.23.3-cp39-cp39-win_amd64.whl", hash = "sha256:78a63d2df1d947bd9d1b11d35564c2f9e4b57898aae4626638056ec1a231c40c"},
    {url = "https://files.pythonhosted.org/packages/24/3d/b06a0b15aad299c8e53c752b8deaf2431b4f1a4d281bb536019ce4ec2659/numpy-1.23.3-cp39-cp39-macosx_11_0_arm64.whl", hash = "sha256:8c79d7cf86d049d0c5089231a5bcd31edb03555bd93d81a16870aa98c6cfb79d"},
    {url = "https://files.pythonhosted.org/packages/24/3e/fbbef2c3a04ed1d237fe4711146f111631d02f5155c1dbeb713005787cf5/numpy-1.23.3-cp38-cp38-manylinux_2_17_aarch64.manylinux2014_aarch64.whl", hash = "sha256:a64403f634e5ffdcd85e0b12c08f04b3080d3e840aef118721021f9b48fc1460"},
    {url = "https://files.pythonhosted.org/packages/2e/bd/286dacf2655c4db1a5076390337c746452a08def20daa53b4903722545d2/numpy-1.23.3-cp311-cp311-win_amd64.whl", hash = "sha256:8355fc10fd33a5a70981a5b8a0de51d10af3688d7a9e4a34fcc8fa0d7467bb7f"},
    {url = "https://files.pythonhosted.org/packages/3a/0c/8d8fe64dcfbeac1dabeb8ae74c8b697a18cf48adfced980291abcc266984/numpy-1.23.3-cp310-cp310-macosx_10_9_x86_64.whl", hash = "sha256:c9f707b5bb73bf277d812ded9896f9512a43edff72712f31667d0a8c2f8e71ee"},
    {url = "https://files.pythonhosted.org/packages/3b/93/e613ce34c908f3228fa181241ae9505c42a72ffc630af9e5173c2f26f406/numpy-1.23.3-cp38-cp38-macosx_11_0_arm64.whl", hash = "sha256:22d43376ee0acd547f3149b9ec12eec2f0ca4a6ab2f61753c5b29bb3e795ac4d"},
    {url = "https://files.pythonhosted.org/packages/48/71/4a3866a3eedf80a2ca3cd5f56e1f7afdd041b2f0e6339b6a0d8a631f6b28/numpy-1.23.3-cp38-cp38-win32.whl", hash = "sha256:f8c02ec3c4c4fcb718fdf89a6c6f709b14949408e8cf2a2be5bfa9c49548fd85"},
    {url = "https://files.pythonhosted.org/packages/51/b6/861f5e9d59c1bb6c05467f5ddcba965cb2c4b1fd62f6bf7b4c4632492625/numpy-1.23.3-cp310-cp310-win_amd64.whl", hash = "sha256:39a664e3d26ea854211867d20ebcc8023257c1800ae89773cbba9f9e97bae036"},
    {url = "https://files.pythonhosted.org/packages/58/4f/55b0ea97b18e885b67aa41a9929d6a6414da7ddad5ebbd10a9c4ad086640/numpy-1.23.3-cp311-cp311-win32.whl", hash = "sha256:7cd1328e5bdf0dee621912f5833648e2daca72e3839ec1d6695e91089625f0b4"},
    {url = "https://files.pythonhosted.org/packages/59/ec/57f87fe9dc2f8390edd1341d2ee9caa90c251f09524286476f536555ffc1/numpy-1.23.3-cp38-cp38-win_amd64.whl", hash = "sha256:e868b0389c5ccfc092031a861d4e158ea164d8b7fdbb10e3b5689b4fc6498df6"},
    {url = "https://files.pythonhosted.org/packages/75/25/196d280e3570e19bc9c553af6941b13289ff520069bffa047a80b47e549a/numpy-1.23.3-cp310-cp310-win32.whl", hash = "sha256:98dcbc02e39b1658dc4b4508442a560fe3ca5ca0d989f0df062534e5ca3a5c1a"},
    {url = "https://files.pythonhosted.org/packages/80/d9/29eb382c47203f3ee7a758eb1e2620daad08c3f74372a752b2965d8d8c7a/numpy-1.23.3-pp38-pypy38_pp73-macosx_10_9_x86_64.whl", hash = "sha256:17c0e467ade9bda685d5ac7f5fa729d8d3e76b23195471adae2d6a6941bd2c18"},
    {url = "https://files.pythonhosted.org/packages/81/03/6b9e924e39d90a67a7c01952b5768818ed24f888b0da9f333ad2246a3514/numpy-1.23.3-cp39-cp39-macosx_10_9_x86_64.whl", hash = "sha256:09f6b7bdffe57fc61d869a22f506049825d707b288039d30f26a0d0d8ea05164"},
    {url = "https://files.pythonhosted.org/packages/89/68/0400fdd510bc2e22aa658873110a525452de90bd1058eb55183438d8527b/numpy-1.23.3-cp39-cp39-win32.whl", hash = "sha256:c1ba66c48b19cc9c2975c0d354f24058888cdc674bebadceb3cdc9ec403fb5d1"},
    {url = "https://files.pythonhosted.org/packages/8d/51/bfaf6dc8279c58fcd8234e9b0f0b86146e3a8814159cd30875154f743061/numpy-1.23.3-cp311-cp311-macosx_10_9_x86_64.whl", hash = "sha256:1f27b5322ac4067e67c8f9378b41c746d8feac8bdd0e0ffede5324667b8a075c"},
    {url = "https://files.pythonhosted.org/packages/98/e0/481ed31801a69089aac50fe57229f8396b1d9cf4c85054275f9c909b13d9/numpy-1.23.3-cp310-cp310-manylinux_2_17_aarch64.manylinux2014_aarch64.whl", hash = "sha256:0ea3f98a0ffce3f8f57675eb9119f3f4edb81888b6874bc1953f91e0b1d4f440"},
    {url = "https://files.pythonhosted.org/packages/aa/a7/92b7d2698d7deabd0b846c3ad487495ef3af1dceac8a1f2b358cd20caecf/numpy-1.23.3-pp38-pypy38_pp73-manylinux_2_17_x86_64.manylinux2014_x86_64.whl", hash = "sha256:91b8d6768a75247026e951dce3b2aac79dc7e78622fc148329135ba189813584"},
    {url = "https://files.pythonhosted.org/packages/b1/84/0af94541d21dd2d403377209f462b6b463dc4ba15158776285f1af2132ac/numpy-1.23.3-cp311-cp311-macosx_11_0_arm64.whl", hash = "sha256:2ad3ec9a748a8943e6eb4358201f7e1c12ede35f510b1a2221b70af4bb64295c"},
    {url = "https://files.pythonhosted.org/packages/c6/fd/9c3a4e030858115bfee2f81351c4614c475883cb97a3297d8de039dac046/numpy-1.23.3-pp38-pypy38_pp73-win_amd64.whl", hash = "sha256:94c15ca4e52671a59219146ff584488907b1f9b3fc232622b47e2cf832e94fb8"},
    {url = "https://files.pythonhosted.org/packages/c7/31/0298a8f62a8c82b8c542f78f3761e67cb8bf0450b3e61bbe66c5c54c1a81/numpy-1.23.3-cp310-cp310-manylinux_2_17_x86_64.manylinux2014_x86_64.whl", hash = "sha256:004f0efcb2fe1c0bd6ae1fcfc69cc8b6bf2407e0f18be308612007a0762b4089"},
    {url = "https://files.pythonhosted.org/packages/d2/09/9ab4e760206c10081d253db9a3d4db8fd040ffcec9d7cdf5376d99531d54/numpy-1.23.3-cp311-cp311-manylinux_2_17_x86_64.manylinux2014_x86_64.whl", hash = "sha256:301c00cf5e60e08e04d842fc47df641d4a181e651c7135c50dc2762ffe293dbd"},
    {url = "https://files.pythonhosted.org/packages/d6/e2/bed33bdbf513cd6d3fcb4377792ef1b8aad941da542a191e1e2a98c6621f/numpy-1.23.3-cp38-cp38-manylinux_2_17_x86_64.manylinux2014_x86_64.whl", hash = "sha256:efd9d3abe5774404becdb0748178b48a218f1d8c44e0375475732211ea47c67e"},
    {url = "https://files.pythonhosted.org/packages/d7/da/417e298fd3998ed1df4b492b400757ec331c310d4d6cbf5a2f4aa93717e8/numpy-1.23.3-cp310-cp310-macosx_11_0_arm64.whl", hash = "sha256:ffcf105ecdd9396e05a8e58e81faaaf34d3f9875f137c7372450baa5d77c9a54"},
    {url = "https://files.pythonhosted.org/packages/df/5b/7f03caa84950cf02f841c910a249ae526a858de9c87ef4357cfb723b02b1/numpy-1.23.3-cp311-cp311-manylinux_2_17_aarch64.manylinux2014_aarch64.whl", hash = "sha256:bdc9febce3e68b697d931941b263c59e0c74e8f18861f4064c1f712562903411"},
    {url = "https://files.pythonhosted.org/packages/e5/0e/c76c8cd19fa0477742e553471373e69f4aeb228b3b18aaac305a66cd5f5b/numpy-1.23.3-cp38-cp38-macosx_10_9_x86_64.whl", hash = "sha256:bc6e8da415f359b578b00bcfb1d08411c96e9a97f9e6c7adada554a0812a6cc6"},
    {url = "https://files.pythonhosted.org/packages/fe/8c/1dfc141202fb2b6b75f9ca4a6681eb5cb7f328d6d2d9d186e5675c468e6a/numpy-1.23.3-cp39-cp39-manylinux_2_17_x86_64.manylinux2014_x86_64.whl", hash = "sha256:d5422d6a1ea9b15577a9432e26608c73a78faf0b9039437b075cf322c92e98e7"},
]
"opencv-python 4.6.0.66" = [
    {url = "https://files.pythonhosted.org/packages/12/5d/1527327b9f7ea13bef31377f8bf399f03dc5f4f1c9f1fb69bc56b6e24cd4/opencv_python-4.6.0.66-cp36-abi3-manylinux_2_17_aarch64.manylinux2014_aarch64.whl", hash = "sha256:5af8ba35a4fcb8913ffb86e92403e9a656a4bff4a645d196987468f0f8947875"},
    {url = "https://files.pythonhosted.org/packages/7a/1c/e57fe138615c29b8d1442009057dd420c58d4773cb16112e914c9e7b47d8/opencv-python-4.6.0.66.tar.gz", hash = "sha256:c5bfae41ad4031e66bb10ec4a0a2ffd3e514d092652781e8b1ac98d1b59f1158"},
    {url = "https://files.pythonhosted.org/packages/af/bf/8d189a5c43460f6b5c8eb81ead8732e94b9f73ef8d9abba9e8f5a61a6531/opencv_python-4.6.0.66-cp36-abi3-manylinux_2_17_x86_64.manylinux2014_x86_64.whl", hash = "sha256:dbdc84a9b4ea2cbae33861652d25093944b9959279200b7ae0badd32439f74de"},
    {url = "https://files.pythonhosted.org/packages/bc/71/4575227302db0b95bbf635dd87f2c58339f84c6e63ade1afc7d332414da2/opencv_python-4.6.0.66-cp36-abi3-macosx_10_15_x86_64.whl", hash = "sha256:e6e448b62afc95c5b58f97e87ef84699e6607fe5c58730a03301c52496005cae"},
    {url = "https://files.pythonhosted.org/packages/c6/00/858e894a2127b3a1b5479812b1bd3669bca64175dff4fc7c778e0a6ee565/opencv_python-4.6.0.66-cp37-abi3-macosx_11_0_arm64.whl", hash = "sha256:6e32af22e3202748bd233ed8f538741876191863882eba44e332d1a34993165b"},
    {url = "https://files.pythonhosted.org/packages/cf/09/b24c266cd61ddeed101b90c92a26f54d060b06f4a1b102eb891576d6e9e2/opencv_python-4.6.0.66-cp36-abi3-win_amd64.whl", hash = "sha256:0dc82a3d8630c099d2f3ac1b1aabee164e8188db54a786abb7a4e27eba309440"},
    {url = "https://files.pythonhosted.org/packages/fb/45/60eaff54776b73a4c69bca7669fac5c5fe61b03b80170cf0e01c2ffd846d/opencv_python-4.6.0.66-cp36-abi3-win32.whl", hash = "sha256:f482e78de6e7b0b060ff994ffd859bddc3f7f382bb2019ef157b0ea8ca8712f5"},
]
"pywavelets 1.4.1" = [
    {url = "https://files.pythonhosted.org/packages/02/15/89951f559601fb6755f2231558c33c1b9cbba9e8526906cbc258e27eb53d/PyWavelets-1.4.1-cp39-cp39-win_amd64.whl", hash = "sha256:88aa5449e109d8f5e7f0adef85f7f73b1ab086102865be64421a3a3d02d277f4"},
    {url = "https://files.pythonhosted.org/packages/07/fe/90ab3b98dfeb2177e1b8c8ccdd4e777e35dfe0aa98723308bd8f1a97fd47/PyWavelets-1.4.1-cp310-cp310-manylinux_2_17_aarch64.manylinux2014_aarch64.whl", hash = "sha256:754fa5085768227c4f4a26c1e0c78bc509a266d9ebd0eb69a278be7e3ece943c"},
    {url = "https://files.pythonhosted.org/packages/0d/72/db0ef5ca311627f86de89a7af6055301c67490f4160e725cdbd32eea7700/PyWavelets-1.4.1-cp39-cp39-win32.whl", hash = "sha256:47cac4fa25bed76a45bc781a293c26ac63e8eaae9eb8f9be961758d22b58649c"},
    {url = "https://files.pythonhosted.org/packages/13/e4/86bb218c7926e1da7a52e0696cab120a17c995933f08d8228d9aa83b44c5/PyWavelets-1.4.1-cp311-cp311-macosx_10_13_x86_64.whl", hash = "sha256:64c6bac6204327321db30b775060fbe8e8642316e6bff17f06b9f34936f88875"},
    {url = "https://files.pythonhosted.org/packages/1d/5e/97ff80a20fb22f723f0c3f6f5f407b12579a560abf7c3a8087d052993dd9/PyWavelets-1.4.1-cp311-cp311-manylinux_2_17_aarch64.manylinux2014_aarch64.whl", hash = "sha256:ad987748f60418d5f4138db89d82ba0cb49b086e0cbb8fd5c3ed4a814cfb705e"},
    {url = "https://files.pythonhosted.org/packages/1d/a1/0f9356779440aaaa35ff82479c40a094419f19ab94a3d5f49e090398959b/PyWavelets-1.4.1-cp311-cp311-win32.whl", hash = "sha256:7231461d7a8eb3bdc7aa2d97d9f67ea5a9f8902522818e7e2ead9c2b3408eeb1"},
    {url = "https://files.pythonhosted.org/packages/2f/52/080267790e23a5186185f2c26d7b774cee754387d1bcb116c7a45f3546f6/PyWavelets-1.4.1-cp38-cp38-macosx_10_13_x86_64.whl", hash = "sha256:ab7da0a17822cd2f6545626946d3b82d1a8e106afc4b50e3387719ba01c7b966"},
    {url = "https://files.pythonhosted.org/packages/34/c0/a121306b618af45ff7d769e1bd45ed3d6c798dc7f0094e0b56735388d96e/PyWavelets-1.4.1-cp39-cp39-manylinux_2_17_aarch64.manylinux2014_aarch64.whl", hash = "sha256:030670a213ee8fefa56f6387b0c8e7d970c7f7ad6850dc048bd7c89364771b9b"},
    {url = "https://files.pythonhosted.org/packages/35/12/f1a4f72b5d71497e4200e71e253cc747077d8570b55693faaa7b81fb6dff/PyWavelets-1.4.1-cp310-cp310-win_amd64.whl", hash = "sha256:91d3d393cffa634f0e550d88c0e3f217c96cfb9e32781f2960876f1808d9b45b"},
    {url = "https://files.pythonhosted.org/packages/3e/fc/651024e8b6e69bef6def2cbe27d520309f4ffc56b8d4885ab7046e1edc6c/PyWavelets-1.4.1-cp310-cp310-manylinux_2_17_x86_64.manylinux2014_x86_64.whl", hash = "sha256:da7b9c006171be1f9ddb12cc6e0d3d703b95f7f43cb5e2c6f5f15d3233fcf202"},
    {url = "https://files.pythonhosted.org/packages/50/92/a78bf0c3d84afd9b17727cce122c3fdb3860a27bd67b32448c7e64301e7b/PyWavelets-1.4.1-cp310-cp310-macosx_10_13_x86_64.whl", hash = "sha256:d854411eb5ee9cb4bc5d0e66e3634aeb8f594210f6a1bed96dbed57ec70f181c"},
    {url = "https://files.pythonhosted.org/packages/51/af/53bcfea50c24cedb202b0c072193af94a1a611b26ab360082791e455b43f/PyWavelets-1.4.1-cp310-cp310-win32.whl", hash = "sha256:67a0d28a08909f21400cb09ff62ba94c064882ffd9e3a6b27880a111211d59bd"},
    {url = "https://files.pythonhosted.org/packages/5a/98/4549479a32972bdfdd5e75e168219e97f4dfaee535a8308efef7291e8398/PyWavelets-1.4.1-cp39-cp39-manylinux_2_17_x86_64.manylinux2014_x86_64.whl", hash = "sha256:71ab30f51ee4470741bb55fc6b197b4a2b612232e30f6ac069106f0156342356"},
    {url = "https://files.pythonhosted.org/packages/6c/92/7e900e574575358a5af6ad9f8378d889b1a21e2ba835bae9d0eb7efd505b/PyWavelets-1.4.1-cp38-cp38-win32.whl", hash = "sha256:de7cd61a88a982edfec01ea755b0740e94766e00a1ceceeafef3ed4c85c605cd"},
    {url = "https://files.pythonhosted.org/packages/6e/d4/008dceeb95fafcf141f39393bdfc10921d0b62a325c2794ac533195a1eb3/PyWavelets-1.4.1.tar.gz", hash = "sha256:6437af3ddf083118c26d8f97ab43b0724b956c9f958e9ea788659f6a2834ba93"},
    {url = "https://files.pythonhosted.org/packages/73/8c/6d50b8e2ee4d12373a63791ad742df1e30ddd5f0f8d1c000c5b6b3afb2c9/PyWavelets-1.4.1-cp38-cp38-macosx_11_0_arm64.whl", hash = "sha256:578af438a02a86b70f1975b546f68aaaf38f28fb082a61ceb799816049ed18aa"},
    {url = "https://files.pythonhosted.org/packages/88/4b/b2b2a6f51e47c091c221bfde976a01a7e5f20e7e5e6341b2b9c4db73d2ed/PyWavelets-1.4.1-cp38-cp38-manylinux_2_17_x86_64.manylinux2014_x86_64.whl", hash = "sha256:058b46434eac4c04dd89aeef6fa39e4b6496a951d78c500b6641fd5b2cc2f9f4"},
    {url = "https://files.pythonhosted.org/packages/94/73/4df43d2e18e68c7ea88177c1fa14a25b5813a51b4953dc94c21f2de039d5/PyWavelets-1.4.1-cp311-cp311-macosx_11_0_arm64.whl", hash = "sha256:3f19327f2129fb7977bc59b966b4974dfd72879c093e44a7287500a7032695de"},
    {url = "https://files.pythonhosted.org/packages/9f/67/33b37d53da9d225301e30894db5083569aa670b446253b3906fc0e96119e/PyWavelets-1.4.1-cp39-cp39-macosx_10_13_x86_64.whl", hash = "sha256:23bafd60350b2b868076d976bdd92f950b3944f119b4754b1d7ff22b7acbf6c6"},
    {url = "https://files.pythonhosted.org/packages/a0/32/eeeaa4de640a84e2cc35c25aea289367059abce0cac84a9987b139a2a25f/PyWavelets-1.4.1-cp39-cp39-macosx_11_0_arm64.whl", hash = "sha256:d0e56cd7a53aed3cceca91a04d62feb3a0aca6725b1912d29546c26f6ea90426"},
    {url = "https://files.pythonhosted.org/packages/a9/8f/f80ff31e73385b886c35fb9fb1377849f9c43a3c1195ed8dc8ed8dc1bd88/PyWavelets-1.4.1-cp38-cp38-win_amd64.whl", hash = "sha256:7ab8d9db0fe549ab2ee0bea61f614e658dd2df419d5b75fba47baa761e95f8f2"},
    {url = "https://files.pythonhosted.org/packages/cd/c1/132756d0033b37f4013299ac048bf34d5094673712984edb9e90e8d8a179/PyWavelets-1.4.1-cp38-cp38-manylinux_2_17_aarch64.manylinux2014_aarch64.whl", hash = "sha256:9cb5ca8d11d3f98e89e65796a2125be98424d22e5ada360a0dbabff659fca0fc"},
    {url = "https://files.pythonhosted.org/packages/de/a1/cd8a30e061f858f219364554b19d4318276c677a51d956c55fb0b134e8b2/PyWavelets-1.4.1-cp311-cp311-manylinux_2_17_x86_64.manylinux2014_x86_64.whl", hash = "sha256:875d4d620eee655346e3589a16a73790cf9f8917abba062234439b594e706784"},
    {url = "https://files.pythonhosted.org/packages/e4/13/9a1632347677e1be27900d9dc922f19bc01440eb8b0c663cea63b35275fc/PyWavelets-1.4.1-cp311-cp311-win_amd64.whl", hash = "sha256:daf0aa79842b571308d7c31a9c43bc99a30b6328e6aea3f50388cd8f69ba7dbc"},
    {url = "https://files.pythonhosted.org/packages/f3/66/2bbcad043383d7be3bca2155972adba1d06be3bc5536afbfa22f1cd99688/PyWavelets-1.4.1-cp310-cp310-macosx_11_0_arm64.whl", hash = "sha256:231b0e0b1cdc1112f4af3c24eea7bf181c418d37922a67670e9bf6cfa2d544d4"},
]
"scipy 1.9.1" = [
    {url = "https://files.pythonhosted.org/packages/03/80/710038ffb14b8d59add3447eaeaffd31177d38a4869806c1e70473773a83/scipy-1.9.1-cp39-cp39-manylinux_2_17_aarch64.manylinux2014_aarch64.whl", hash = "sha256:47d1a95bd9d37302afcfe1b84c8011377c4f81e33649c5a5785db9ab827a6ade"},
    {url = "https://files.pythonhosted.org/packages/25/ca/92ab7808944ccfb5847fa51d892948229bf1d4f2a2ef47821c99e5f76b06/scipy-1.9.1-cp38-cp38-macosx_12_0_arm64.whl", hash = "sha256:eb954f5aca4d26f468bbebcdc5448348eb287f7bea536c6306f62ea062f63d9a"},
    {url = "https://files.pythonhosted.org/packages/26/a0/f2b56f2404a47c225d5ad51a2c46f8ca673524800d41b14473c421d0924a/scipy-1.9.1-cp39-cp39-macosx_10_9_x86_64.whl", hash = "sha256:39ab9240cd215a9349c85ab908dda6d732f7d3b4b192fa05780812495536acc4"},
    {url = "https://files.pythonhosted.org/packages/2e/e5/0e7e044d2ce9c7ebb18c3ea3c5774626780920dd42b48d0292017f7b6eff/scipy-1.9.1-cp38-cp38-win_amd64.whl", hash = "sha256:e8fe305d9d67a81255e06203454729405706907dccbdfcc330b7b3482a6c371d"},
    {url = "https://files.pythonhosted.org/packages/31/ed/88f65e7007146c79d8fc04cc86112c6a449578a01cea3f1d98fbbf8cac71/scipy-1.9.1-cp39-cp39-win_amd64.whl", hash = "sha256:90c805f30c46cf60f1e76e947574f02954d25e3bb1e97aa8a07bc53aa31cf7d1"},
    {url = "https://files.pythonhosted.org/packages/35/9b/9a817e981d0faa5b066f08b531e435e87ccc11663e907938218100ad3fdd/scipy-1.9.1-cp39-cp39-manylinux_2_12_i686.manylinux2010_i686.whl", hash = "sha256:f7c39f7dbb57cce00c108d06d731f3b0e2a4d3a95c66d96bce697684876ce4d4"},
    {url = "https://files.pythonhosted.org/packages/45/a7/68b046344399f7e64b2fdaf57cd62af6db01cbce69300f6f6abb6878e6e0/scipy-1.9.1-cp39-cp39-macosx_12_0_universal2.macosx_10_9_x86_64.whl", hash = "sha256:3bc1ab68b9a096f368ba06c3a5e1d1d50957a86665fc929c4332d21355e7e8f4"},
    {url = "https://files.pythonhosted.org/packages/59/0b/ad6e48b327d475da8ca567b9af13693a9d671818bc36d4c54481966f7435/scipy-1.9.1-cp38-cp38-macosx_12_0_universal2.macosx_10_9_x86_64.whl", hash = "sha256:3c6f5d1d4b9a5e4fe5e14f26ffc9444fc59473bbf8d45dc4a9a15283b7063a72"},
    {url = "https://files.pythonhosted.org/packages/61/7b/3b169b59780e4e4e5e68be849f655c10c91b207a9467ed65767d4544e043/scipy-1.9.1-cp38-cp38-manylinux_2_17_aarch64.manylinux2014_aarch64.whl", hash = "sha256:0419485dbcd0ed78c0d5bf234c5dd63e86065b39b4d669e45810d42199d49521"},
    {url = "https://files.pythonhosted.org/packages/6f/7c/aa0abf51b2f68b97135e5a25938c4040a718a181b8d4602d0e2df3915e5a/scipy-1.9.1-cp38-cp38-manylinux_2_17_x86_64.manylinux2014_x86_64.whl", hash = "sha256:34441dfbee5b002f9e15285014fd56e5e3372493c3e64ae297bae2c4b9659f5a"},
    {url = "https://files.pythonhosted.org/packages/86/37/503d622ac36588f8474a634d83a14d3898e1c1ff19a42db809956e4e8e3e/scipy-1.9.1-cp39-cp39-win32.whl", hash = "sha256:09412eb7fb60b8f00b328037fd814d25d261066ebc43a1e339cdce4f7502877e"},
    {url = "https://files.pythonhosted.org/packages/8b/1a/2f0481c9b54c1f48dcad24f4ab4840518edbc33a6a19a8321dda1447b9dd/scipy-1.9.1-cp38-cp38-macosx_10_9_x86_64.whl", hash = "sha256:7a412c476a91b080e456229e413792bbb5d6202865dae963d1e6e28c2bb58691"},
    {url = "https://files.pythonhosted.org/packages/8e/fe/d4e35d6166ba578f7af91b6d40bc9f388689f9e773378c7ea7f4f8cf962d/scipy-1.9.1-cp310-cp310-macosx_12_0_universal2.macosx_10_9_x86_64.whl", hash = "sha256:825951b88f56765aeb6e5e38ac9d7d47407cfaaeb008d40aa1b45a2d7ea2731e"},
    {url = "https://files.pythonhosted.org/packages/91/03/fa8613db8fa211e486fbf18c64103f53e98bddcfe3678701f42a95887690/scipy-1.9.1-cp310-cp310-macosx_12_0_arm64.whl", hash = "sha256:d79da472015d0120ba9b357b28a99146cd6c17b9609403164b1a8ed149b4dfc8"},
    {url = "https://files.pythonhosted.org/packages/a9/17/67861cb65190a28e726e5f99f8938756385e8b2257cbae2b13e58594ae27/scipy-1.9.1-cp310-cp310-win_amd64.whl", hash = "sha256:8d3faa40ac16c6357aaf7ea50394ea6f1e8e99d75e927a51102b1943b311b4d9"},
    {url = "https://files.pythonhosted.org/packages/bc/6a/b2f14bf7e1f9db84a5a5c692b9883ae19968feee532036534850088006a9/scipy-1.9.1-cp39-cp39-manylinux_2_17_x86_64.manylinux2014_x86_64.whl", hash = "sha256:96d7cf7b25c9f23c59a766385f6370dab0659741699ecc7a451f9b94604938ce"},
    {url = "https://files.pythonhosted.org/packages/c0/d7/5d6a7a36fc84f2d87e436e63f0406bb93d999b37a8c68be5e0587e95d80e/scipy-1.9.1-cp310-cp310-manylinux_2_17_aarch64.manylinux2014_aarch64.whl", hash = "sha256:f950a04b33e17b38ff561d5a0951caf3f5b47caa841edd772ffb7959f20a6af0"},
    {url = "https://files.pythonhosted.org/packages/c2/89/37b6e11bfe24e96a375fc39e6ffb6c2f27ff795cfb735ae83130e0bf78b5/scipy-1.9.1-cp310-cp310-manylinux_2_17_x86_64.manylinux2014_x86_64.whl", hash = "sha256:8cc81ac25659fec73599ccc52c989670e5ccd8974cf34bacd7b54a8d809aff1a"},
    {url = "https://files.pythonhosted.org/packages/cc/76/7ee1ae8709033402de63871cae0b04537ab7577b7b9ad3e367f4dd4b3796/scipy-1.9.1-cp310-cp310-macosx_10_9_x86_64.whl", hash = "sha256:c61b4a91a702e8e04aeb0bfc40460e1f17a640977c04dda8757efb0199c75332"},
    {url = "https://files.pythonhosted.org/packages/cd/d8/ee6a26bb696499d0150fceac75b9588575258e05f03069a41744929a99b8/scipy-1.9.1-cp38-cp38-manylinux_2_12_i686.manylinux2010_i686.whl", hash = "sha256:bc4e2c77d4cd015d739e75e74ebbafed59ba8497a7ed0fd400231ed7683497c4"},
    {url = "https://files.pythonhosted.org/packages/db/af/16906139f52bc6866c43401869ce247662739ad71afa11c6f18505eb0546/scipy-1.9.1.tar.gz", hash = "sha256:26d28c468900e6d5fdb37d2812ab46db0ccd22c63baa095057871faa3a498bc9"},
    {url = "https://files.pythonhosted.org/packages/f1/e0/85e231371444e7765a194c24ccecc40431b651846949beaa8feaaeb6d270/scipy-1.9.1-cp38-cp38-win32.whl", hash = "sha256:b97b479f39c7e4aaf807efd0424dec74bbb379108f7d22cf09323086afcd312c"},
    {url = "https://files.pythonhosted.org/packages/fe/de/caec3ae06f5380b8c91518f119f9b113a2da0619f7d8d8937b8ee517a29e/scipy-1.9.1-cp39-cp39-macosx_12_0_arm64.whl", hash = "sha256:71487c503e036740635f18324f62a11f283a632ace9d35933b2b0a04fd898c98"},
]
"six 1.16.0" = [
    {url = "https://files.pythonhosted.org/packages/71/39/171f1c67cd00715f190ba0b100d606d440a28c93c7714febeca8b79af85e/six-1.16.0.tar.gz", hash = "sha256:1e61c37477a1626458e36f7b1d82aa5c9b094fa4802892072e49de9c60c4c926"},
    {url = "https://files.pythonhosted.org/packages/d9/5a/e7c31adbe875f2abbb91bd84cf2dc52d792b5a01506781dbcf25c91daf11/six-1.16.0-py2.py3-none-any.whl", hash = "sha256:8abb2f1d86890a2dfb989f9a77cfcfd3e47c2a354b01111771326f8aa26e0254"},
]
